{
  "requires": true,
  "lockfileVersion": 1,
  "dependencies": {
    "batch-processor": {
      "version": "1.0.0",
      "resolved": "https://registry.npmjs.org/batch-processor/-/batch-processor-1.0.0.tgz",
      "integrity": "sha1-dclcMrdI4IUNEMKxaPa9vpiRrOg="
    },
    "charenc": {
      "version": "0.0.2",
      "resolved": "https://registry.npmjs.org/charenc/-/charenc-0.0.2.tgz",
      "integrity": "sha1-wKHS86cJLgN3S/qD8UwPxXkKhmc="
    },
    "core-util-is": {
      "version": "1.0.2",
      "resolved": "https://registry.npmjs.org/core-util-is/-/core-util-is-1.0.2.tgz",
      "integrity": "sha1-tf1UIgqivFq1eqtxQMlAdUUDwac="
    },
    "crypt": {
      "version": "0.0.2",
      "resolved": "https://registry.npmjs.org/crypt/-/crypt-0.0.2.tgz",
      "integrity": "sha1-iNf/fsDfuG9xPch7u0LQRNPmxBs="
    },
    "gulp-insert": {
      "version": "0.5.0",
      "resolved": "https://registry.npmjs.org/gulp-insert/-/gulp-insert-0.5.0.tgz",
      "integrity": "sha1-MjE/E+SiPPWsylzl8MCAkjx3hgI=",
      "requires": {
        "readable-stream": "^1.0.26-4",
        "streamqueue": "0.0.6"
      }
    },
    "gulp-rename": {
      "version": "1.4.0",
      "resolved": "https://registry.npmjs.org/gulp-rename/-/gulp-rename-1.4.0.tgz",
      "integrity": "sha512-swzbIGb/arEoFK89tPY58vg3Ok1bw+d35PfUNwWqdo7KM4jkmuGA78JiDNqR+JeZFaeeHnRg9N7aihX3YPmsyg=="
    },
    "inherits": {
      "version": "2.0.4",
      "resolved": "https://registry.npmjs.org/inherits/-/inherits-2.0.4.tgz",
      "integrity": "sha512-k/vGaX4/Yla3WzyMCvTQOXYeIHvqOKtnqBduzTHpzpQZzAskKMhZ2K+EnBiSM9zGSoIFeMpXKxa4dYeZIQqewQ=="
    },
    "is-buffer": {
      "version": "1.1.6",
      "resolved": "https://registry.npmjs.org/is-buffer/-/is-buffer-1.1.6.tgz",
      "integrity": "sha512-NcdALwpXkTm5Zvvbk7owOUSvVvBKDgKP5/ewfXEznmQFfs4ZRmanOeKBTjRVjka3QFoN6XJ+9F3USqfHqTaU5w=="
    },
    "isarray": {
      "version": "0.0.1",
      "resolved": "https://registry.npmjs.org/isarray/-/isarray-0.0.1.tgz",
      "integrity": "sha1-ihis/Kmo9Bd+Cav8YDiTmwXR7t8="
    },
    "js-base64": {
      "version": "2.5.1",
      "resolved": "https://registry.npmjs.org/js-base64/-/js-base64-2.5.1.tgz",
      "integrity": "sha512-M7kLczedRMYX4L8Mdh4MzyAMM9O5osx+4FcOQuTvr3A9F2D9S5JXheN0ewNbrvK2UatkTRhL5ejGmGSjNMiZuw=="
    },
    "jweixin-module": {
      "version": "1.4.1",
      "resolved": "https://registry.npmjs.org/jweixin-module/-/jweixin-module-1.4.1.tgz",
      "integrity": "sha512-2R2oa1lYhAsclfjKSf3DP4ZiP1dcrQUbM7aklbeJA+UAg/LS7MqoA6UbTy1cs4sbB34z62K4bKW0Z9iazD8ejg=="
    },
    "lrz": {
      "version": "4.9.40",
      "resolved": "https://registry.npmjs.org/lrz/-/lrz-4.9.40.tgz",
      "integrity": "sha1-L9O0JYiiClf9eqefgVaMhF5OPXM=",
      "requires": {
        "gulp-insert": "^0.5.0",
        "gulp-rename": "^1.2.2"
      }
    },
    "md5": {
      "version": "2.2.1",
      "resolved": "https://registry.npmjs.org/md5/-/md5-2.2.1.tgz",
      "integrity": "sha1-U6s41f48iJG6RlMp6iP6wFQBJvk=",
      "requires": {
        "charenc": "~0.0.1",
        "crypt": "~0.0.1",
        "is-buffer": "~1.1.1"
      }
    },
    "readable-stream": {
      "version": "1.1.14",
      "resolved": "https://registry.npmjs.org/readable-stream/-/readable-stream-1.1.14.tgz",
      "integrity": "sha1-fPTFTvZI44EwhMY23SB54WbAgdk=",
      "requires": {
        "core-util-is": "~1.0.0",
        "inherits": "~2.0.1",
        "isarray": "0.0.1",
        "string_decoder": "~0.10.x"
      }
    },
    "streamqueue": {
      "version": "0.0.6",
      "resolved": "https://registry.npmjs.org/streamqueue/-/streamqueue-0.0.6.tgz",
      "integrity": "sha1-ZvX17JTpuK8knkrsLdH3Qb/pTeM=",
      "requires": {
        "readable-stream": "^1.0.26-2"
      }
    },
    "string_decoder": {
      "version": "0.10.31",
      "resolved": "https://registry.npmjs.org/string_decoder/-/string_decoder-0.10.31.tgz",
      "integrity": "sha1-YuIDvEF2bGwoyfyEMB2rHFMQ+pQ="
    },
    "vue-echarts-v3": {
      "version": "2.0.1",
      "resolved": "https://registry.npmjs.org/vue-echarts-v3/-/vue-echarts-v3-2.0.1.tgz",
      "integrity": "sha512-y8pYNUyX2i/0J76kCNC83KtMYeBlgkCcTS54ETCVsxKqxwtxpH2xnyfSPHktzucbCBR+JSMZGRpjFjBC9B79eg==",
      "requires": {
        "element-resize-detector": "^1.1.15",
        "lodash.throttle": "^4.1.1"
      },
      "dependencies": {
        "element-resize-detector": {
          "version": "1.1.15",
          "resolved": "https://registry.npmjs.org/element-resize-detector/-/element-resize-detector-1.1.15.tgz",
          "integrity": "sha512-16/5avDegXlUxytGgaumhjyQoM6hpp5j3+L79sYq5hlXfTNRy5WMMuTVWkZU3egp/CokCmTmvf18P3KeB57Iog==",
          "requires": {
            "batch-processor": "^1.0.0"
          }
        },
        "lodash.throttle": {
          "version": "4.1.1",
          "resolved": "https://registry.npmjs.org/lodash.throttle/-/lodash.throttle-4.1.1.tgz",
          "integrity": "sha1-wj6RtxAkKscMN/HhzaknTMOb8vQ="
        }
      }
    },
    "vue-i18n": {
      "version": "8.14.1",
      "resolved": "https://registry.npmjs.org/vue-i18n/-/vue-i18n-8.14.1.tgz",
      "integrity": "sha512-uHzw5GTFyf/TmjJXveSl3L4CG61KI4lvhKOQvx8W4Y8P2LZ3v3l/qw4KRs1C6pWyjkfY9p0rezYNFO5YzMEQ8A=="
    }
  }
}
