# THIS IS AN AUTOGENERATED FILE. DO NOT EDIT THIS FILE DIRECTLY.
# yarn lockfile v1


batch-processor@^1.0.0:
  version "1.0.0"
  resolved "https://registry.yarnpkg.com/batch-processor/-/batch-processor-1.0.0.tgz#75c95c32b748e0850d10c2b168f6bdbe9891ace8"
  integrity sha1-dclcMrdI4IUNEMKxaPa9vpiRrOg=

charenc@~0.0.1:
  version "0.0.2"
  resolved "https://registry.yarnpkg.com/charenc/-/charenc-0.0.2.tgz#c0a1d2f3a7092e03774bfa83f14c0fc5790a8667"
  integrity sha1-wKHS86cJLgN3S/qD8UwPxXkKhmc=

crypt@~0.0.1:
  version "0.0.2"
  resolved "https://registry.yarnpkg.com/crypt/-/crypt-0.0.2.tgz#88d7ff7ec0dfb86f713dc87bbb42d044d3e6c41b"
  integrity sha1-iNf/fsDfuG9xPch7u0LQRNPmxBs=

element-resize-detector@latest:
  version "1.1.15"
  resolved "https://registry.yarnpkg.com/element-resize-detector/-/element-resize-detector-1.1.15.tgz#48eba1a2eaa26969a4c998d972171128c971d8d2"
  integrity sha512-16/5avDegXlUxytGgaumhjyQoM6hpp5j3+L79sYq5hlXfTNRy5WMMuTVWkZU3egp/CokCmTmvf18P3KeB57Iog==
  dependencies:
    batch-processor "^1.0.0"

is-buffer@~1.1.1:
  version "1.1.6"
  resolved "https://registry.yarnpkg.com/is-buffer/-/is-buffer-1.1.6.tgz#efaa2ea9daa0d7ab2ea13a97b2b8ad51fefbe8be"
  integrity sha512-NcdALwpXkTm5Zvvbk7owOUSvVvBKDgKP5/ewfXEznmQFfs4ZRmanOeKBTjRVjka3QFoN6XJ+9F3USqfHqTaU5w==

js-base64@^2.5.1:
  version "2.5.1"
  resolved "https://registry.yarnpkg.com/js-base64/-/js-base64-2.5.1.tgz#1efa39ef2c5f7980bb1784ade4a8af2de3291121"
  integrity sha512-M7kLczedRMYX4L8Mdh4MzyAMM9O5osx+4FcOQuTvr3A9F2D9S5JXheN0ewNbrvK2UatkTRhL5ejGmGSjNMiZuw==

lodash.throttle@latest:
  version "4.1.1"
  resolved "https://registry.yarnpkg.com/lodash.throttle/-/lodash.throttle-4.1.1.tgz#c23e91b710242ac70c37f1e1cda9274cc39bf2f4"
  integrity sha1-wj6RtxAkKscMN/HhzaknTMOb8vQ=

md5@^2.2.1:
  version "2.2.1"
  resolved "https://registry.yarnpkg.com/md5/-/md5-2.2.1.tgz#53ab38d5fe3c8891ba465329ea23fac0540126f9"
  integrity sha1-U6s41f48iJG6RlMp6iP6wFQBJvk=
  dependencies:
    charenc "~0.0.1"
    crypt "~0.0.1"
    is-buffer "~1.1.1"

vue-echarts-v3@^2.0.1:
  version "2.0.1"
  resolved "https://registry.yarnpkg.com/vue-echarts-v3/-/vue-echarts-v3-2.0.1.tgz#35c97040aed968ebc508c9450e95caf913beaafa"
  integrity sha512-y8pYNUyX2i/0J76kCNC83KtMYeBlgkCcTS54ETCVsxKqxwtxpH2xnyfSPHktzucbCBR+JSMZGRpjFjBC9B79eg==
  dependencies:
    element-resize-detector latest
    lodash.throttle latest

vue-i18n@^8.14.1:
  version "8.14.1"
  resolved "https://registry.yarnpkg.com/vue-i18n/-/vue-i18n-8.14.1.tgz#0ca0a2742c14e0144481655157fffcc7cc313e50"
  integrity sha512-uHzw5GTFyf/TmjJXveSl3L4CG61KI4lvhKOQvx8W4Y8P2LZ3v3l/qw4KRs1C6pWyjkfY9p0rezYNFO5YzMEQ8A==
